
Microsoft Visual Studio Solution File, Format Version 12.00
# Visual Studio Version 17
VisualStudioVersion = 17.0.32014.148
MinimumVisualStudioVersion = 10.0.40219.1
Project("{9A19103F-16F7-4668-BE54-9A1E7A4F7556}") = "ASP.Net - Get Screenshot from HTML", "ASP.Net - Get Screenshot from HTML.csproj", "{BF9B3FD3-F58E-4371-BA61-894BE8A374C6}"
EndProject
Global
	GlobalSection(SolutionConfigurationPlatforms) = preSolution
		Debug|Any CPU = Debug|Any CPU
		Release|Any CPU = Release|Any CPU
	EndGlobalSection
	GlobalSection(ProjectConfigurationPlatforms) = postSolution
		{BF9B3FD3-F58E-4371-BA61-894BE8A374C6}.Debug|Any CPU.ActiveCfg = Debug|Any CPU
		{BF9B3FD3-F58E-4371-BA61-894BE8A374C6}.Debug|Any CPU.Build.0 = Debug|Any CPU
		{BF9B3FD3-F58E-4371-BA61-894BE8A374C6}.Release|Any CPU.ActiveCfg = Release|Any CPU
		{BF9B3FD3-F58E-4371-BA61-894BE8A374C6}.Release|Any CPU.Build.0 = Release|Any CPU
	EndGlobalSection
	GlobalSection(SolutionProperties) = preSolution
		HideSolutionNode = FALSE
	EndGlobalSection
	GlobalSection(ExtensibilityGlobals) = postSolution
		SolutionGuid = {03959F1D-0360-4D73-A664-05F94ABBA9AF}
	EndGlobalSection
EndGlobal
