
Microsoft Visual Studio Solution File, Format Version 12.00
# Visual Studio Version 17
VisualStudioVersion = 17.0.32014.148
MinimumVisualStudioVersion = 10.0.40219.1
Project("{FAE04EC0-301F-11D3-BF4B-00C04F79EFBC}") = "ASP.Net - Convert HTML to PDF", "ASP.Net - Convert HTML to PDF.csproj", "{BF9B3FD3-F58E-4371-BA61-894BE8A374C6}"
EndProject
Global
	GlobalSection(SolutionConfigurationPlatforms) = preSolution
		Debug|Any CPU = Debug|Any CPU
		Release|Any CPU = Release|Any CPU
	EndGlobalSection
	GlobalSection(ProjectConfigurationPlatforms) = postSolution
		{BF9B3FD3-F58E-4371-BA61-894BE8A374C6}.Debug|Any CPU.ActiveCfg = Debug|Any CPU
		{BF9B3FD3-F58E-4371-BA61-894BE8A374C6}.Debug|Any CPU.Build.0 = Debug|Any CPU
		{BF9B3FD3-F58E-4371-BA61-894BE8A374C6}.Release|Any CPU.ActiveCfg = Release|Any CPU
		{BF9B3FD3-F58E-4371-BA61-894BE8A374C6}.Release|Any CPU.Build.0 = Release|Any CPU
	EndGlobalSection
	GlobalSection(SolutionProperties) = preSolution
		HideSolutionNode = FALSE
	EndGlobalSection
	GlobalSection(ExtensibilityGlobals) = postSolution
		SolutionGuid = {03959F1D-0360-4D73-A664-05F94ABBA9AF}
	EndGlobalSection
EndGlobal
